
Microsoft Visual Studio Solution File, Format Version 12.00
# Visual Studio Version 16
VisualStudioVersion = 16.0.31729.503
MinimumVisualStudioVersion = 10.0.40219.1
Project("{FAE04EC0-301F-11D3-BF4B-00C04F79EFBC}") = "Add Two Numbers", "Add Two Numbers\Add Two Numbers.csproj", "{29FE9A83-6BDD-43B4-B223-AE0E4AD93D65}"
EndProject
Global
	GlobalSection(SolutionConfigurationPlatforms) = preSolution
		Debug|Any CPU = Debug|Any CPU
		Release|Any CPU = Release|Any CPU
	EndGlobalSection
	GlobalSection(ProjectConfigurationPlatforms) = postSolution
		{29FE9A83-6BDD-43B4-B223-AE0E4AD93D65}.Debug|Any CPU.ActiveCfg = Debug|Any CPU
		{29FE9A83-6BDD-43B4-B223-AE0E4AD93D65}.Debug|Any CPU.Build.0 = Debug|Any CPU
		{29FE9A83-6BDD-43B4-B223-AE0E4AD93D65}.Release|Any CPU.ActiveCfg = Release|Any CPU
		{29FE9A83-6BDD-43B4-B223-AE0E4AD93D65}.Release|Any CPU.Build.0 = Release|Any CPU
	EndGlobalSection
	GlobalSection(SolutionProperties) = preSolution
		HideSolutionNode = FALSE
	EndGlobalSection
	GlobalSection(ExtensibilityGlobals) = postSolution
		SolutionGuid = {2757BF60-7034-4623-AD86-86D4A8CCE412}
	EndGlobalSection
EndGlobal
